# THIS IS AN AUTOGENERATED FILE. DO NOT EDIT THIS FILE DIRECTLY.
# yarn lockfile v1


"@jocabola/gfx@^0.3.982":
  version "0.3.982"
  resolved "https://registry.yarnpkg.com/@jocabola/gfx/-/gfx-0.3.982.tgz#01486a3f78c71112297b330ffd98e421e0888673"
  integrity sha512-lin4jymT16A8XrjWchdGWF7JC43V0UWy0TUMMC/KkxQvbvFQIDcEPKmSjIb3yd+jX59Ry0jkmgHHP5dcLauChQ==
  dependencies:
    "@jocabola/io" "^0.3.3"
    "@jocabola/math" "^0.2.32"

"@jocabola/io@^0.3.3":
  version "0.3.3"
  resolved "https://registry.yarnpkg.com/@jocabola/io/-/io-0.3.3.tgz#a0ee5a85d8329315e0c63991110a382394139481"
  integrity sha512-CInt8P+oLNp2ykCpT13efI+TWhytIQzU9Z8URmDwzRmBw9/sHFil9qbrSVztlo4YdxR15AD3jNWLQHrFUoyTpA==

"@jocabola/math@^0.2.32":
  version "0.2.32"
  resolved "https://registry.yarnpkg.com/@jocabola/math/-/math-0.2.32.tgz#2af8cbe3af601e1e84b1e204014f61306453efbd"
  integrity sha512-Kj9xiHJmTE0JqbtObkzq45Kofc1p2uhyy6qr4o9v81wOarADzNZTSzUQn0y7rXBSyQLOMO5hDvlebvD7Avn6ig==
  dependencies:
    mersenne "^0.0.4"

"@tweakpane/core@^1.0.8":
  version "1.0.8"
  resolved "https://registry.yarnpkg.com/@tweakpane/core/-/core-1.0.8.tgz#428246eae841bbf32bed2f27e54311849fdd8501"
  integrity sha512-q7BQrqM4NYiaSoErRgRY0EBxxC8AzsZJoz52K8SNJ/IfYu9lTzfFTwW7ouYqgElSOx+3ybXBcMlkCPZdOBZg6Q==

"@tweakpane/plugin-essentials@^0.1.4":
  version "0.1.4"
  resolved "https://registry.yarnpkg.com/@tweakpane/plugin-essentials/-/plugin-essentials-0.1.4.tgz#144b54dfe274bb1c161285c358268573e039cb99"
  integrity sha512-beJWDrTo6a29eh1L5AFsiybsiWL2BFMN+49dwAzccnR7vr6uXy3qxJIZVr3J91KXZwDEg1XZ+ZW301Sz+xTBqw==

mersenne@^0.0.4:
  version "0.0.4"
  resolved "https://registry.yarnpkg.com/mersenne/-/mersenne-0.0.4.tgz#401fdec7ec21cdb9e03cd3d3021398da21b27085"
  integrity sha1-QB/ex+whzbngPNPTAhOY2iGycIU=

tweakpane@^3.0.7:
  version "3.0.7"
  resolved "https://registry.yarnpkg.com/tweakpane/-/tweakpane-3.0.7.tgz#a514a08aa4fafb542923d83e4be6915887dac7e5"
  integrity sha512-rgxqoo6T10atYoKHVif6aYlAMIAlHJ84hi5LXqi6ZgVEPcmnzPI34C88y6HquarBY0ZKE/ZCXVaZm8NibhQRtA==

typescript@^4.5.5:
  version "4.5.5"
  resolved "https://registry.yarnpkg.com/typescript/-/typescript-4.5.5.tgz#d8c953832d28924a9e3d37c73d729c846c5896f3"
  integrity sha512-TCTIul70LyWe6IJWT8QSYeA54WQe8EjQFU4wY52Fasj5UKx88LNYKCgBEHcOMOrFF1rKGbD8v/xcNWVUq9SymA==
