{
  "name": "@jocabola/phy",
  "version": "0.1.71",
  "lockfileVersion": 2,
  "requires": true,
  "packages": {
    "": {
      "name": "@jocabola/phy",
      "version": "0.1.71",
      "license": "Apache-2.0",
      "dependencies": {
        "@jocabola/math": "^0.1.6"
      },
      "devDependencies": {
        "typescript": "^4.2.3"
      }
    },
    "node_modules/@jocabola/math": {
      "version": "0.1.91",
      "resolved": "https://registry.npmjs.org/@jocabola/math/-/math-0.1.91.tgz",
      "integrity": "sha512-LC34Bd2KYXL15i/t4wC31TQAwvtw+ajz45F7Yh7VbnSYd6CWxKUO6mjE/8jUUCzhlG8lm0FSenX+ss1qviEjcw==",
      "dependencies": {
        "mersenne": "^0.0.4"
      }
    },
    "node_modules/mersenne": {
      "version": "0.0.4",
      "resolved": "https://registry.npmjs.org/mersenne/-/mersenne-0.0.4.tgz",
      "integrity": "sha1-QB/ex+whzbngPNPTAhOY2iGycIU="
    },
    "node_modules/typescript": {
      "version": "4.3.5",
      "resolved": "https://registry.npmjs.org/typescript/-/typescript-4.3.5.tgz",
      "integrity": "sha512-DqQgihaQ9cUrskJo9kIyW/+g0Vxsk8cDtZ52a3NGh0YNTfpUSArXSohyUGnvbPazEPLu398C0UxmKSOrPumUzA==",
      "dev": true,
      "bin": {
        "tsc": "bin/tsc",
        "tsserver": "bin/tsserver"
      },
      "engines": {
        "node": ">=4.2.0"
      }
    }
  },
  "dependencies": {
    "@jocabola/math": {
      "version": "0.1.91",
      "resolved": "https://registry.npmjs.org/@jocabola/math/-/math-0.1.91.tgz",
      "integrity": "sha512-LC34Bd2KYXL15i/t4wC31TQAwvtw+ajz45F7Yh7VbnSYd6CWxKUO6mjE/8jUUCzhlG8lm0FSenX+ss1qviEjcw==",
      "requires": {
        "mersenne": "^0.0.4"
      }
    },
    "mersenne": {
      "version": "0.0.4",
      "resolved": "https://registry.npmjs.org/mersenne/-/mersenne-0.0.4.tgz",
      "integrity": "sha1-QB/ex+whzbngPNPTAhOY2iGycIU="
    },
    "typescript": {
      "version": "4.3.5",
      "resolved": "https://registry.npmjs.org/typescript/-/typescript-4.3.5.tgz",
      "integrity": "sha512-DqQgihaQ9cUrskJo9kIyW/+g0Vxsk8cDtZ52a3NGh0YNTfpUSArXSohyUGnvbPazEPLu398C0UxmKSOrPumUzA==",
      "dev": true
    }
  }
}
