# THIS IS AN AUTOGENERATED FILE. DO NOT EDIT THIS FILE DIRECTLY.
# yarn lockfile v1


"@jocabola/io@^0.3.54":
  version "0.3.54"
  resolved "https://registry.yarnpkg.com/@jocabola/io/-/io-0.3.54.tgz#0c25a92caeeaa5a91279d0ccfaaecb2f4d704274"
  integrity sha512-Aha8Chvx31RJu102BGKrJVK86pImXrT6JULDlASYBnsLs0eubiZjckgUxxLLgfiJR0QEt3vUJjr1VSF/TNkbmg==
  dependencies:
    three "^0.137.5"

"@jocabola/math@^0.2.32":
  version "0.2.32"
  resolved "https://registry.yarnpkg.com/@jocabola/math/-/math-0.2.32.tgz#2af8cbe3af601e1e84b1e204014f61306453efbd"
  integrity sha512-Kj9xiHJmTE0JqbtObkzq45Kofc1p2uhyy6qr4o9v81wOarADzNZTSzUQn0y7rXBSyQLOMO5hDvlebvD7Avn6ig==
  dependencies:
    mersenne "^0.0.4"

mersenne@^0.0.4:
  version "0.0.4"
  resolved "https://registry.yarnpkg.com/mersenne/-/mersenne-0.0.4.tgz#401fdec7ec21cdb9e03cd3d3021398da21b27085"
  integrity sha1-QB/ex+whzbngPNPTAhOY2iGycIU=

three@^0.137.5:
  version "0.137.5"
  resolved "https://registry.yarnpkg.com/three/-/three-0.137.5.tgz#a1e34bedd0412f2d8797112973dfadac78022ce6"
  integrity sha512-rTyr+HDFxjnN8+N/guZjDgfVxgHptZQpf6xfL/Mo7a5JYIFwK6tAq3bzxYYB4Ae0RosDZlDuP+X5aXDXz+XnHQ==

typescript@^4.5.5:
  version "4.5.5"
  resolved "https://registry.yarnpkg.com/typescript/-/typescript-4.5.5.tgz#d8c953832d28924a9e3d37c73d729c846c5896f3"
  integrity sha512-TCTIul70LyWe6IJWT8QSYeA54WQe8EjQFU4wY52Fasj5UKx88LNYKCgBEHcOMOrFF1rKGbD8v/xcNWVUq9SymA==
