# THIS IS AN AUTOGENERATED FILE. DO NOT EDIT THIS FILE DIRECTLY.
# yarn lockfile v1


three@^0.137.5:
  version "0.137.5"
  resolved "https://registry.yarnpkg.com/three/-/three-0.137.5.tgz#a1e34bedd0412f2d8797112973dfadac78022ce6"
  integrity sha512-rTyr+HDFxjnN8+N/guZjDgfVxgHptZQpf6xfL/Mo7a5JYIFwK6tAq3bzxYYB4Ae0RosDZlDuP+X5aXDXz+XnHQ==

typescript@^4.5.5:
  version "4.5.5"
  resolved "https://registry.yarnpkg.com/typescript/-/typescript-4.5.5.tgz#d8c953832d28924a9e3d37c73d729c846c5896f3"
  integrity sha512-TCTIul70LyWe6IJWT8QSYeA54WQe8EjQFU4wY52Fasj5UKx88LNYKCgBEHcOMOrFF1rKGbD8v/xcNWVUq9SymA==
